
Microsoft Visual Studio Solution File, Format Version 12.00
# Visual Studio Version 16
VisualStudioVersion = 16.0.29519.87
MinimumVisualStudioVersion = 10.0.40219.1
Project("{FAE04EC0-301F-11D3-BF4B-00C04F79EFBC}") = "ProductivityTools.Example.AzureFunctions", "ProductivityTools.Example.AzureFunctions\ProductivityTools.Example.AzureFunctions.csproj", "{E279FD06-FC40-4023-AFD6-7AE586AF0D35}"
EndProject
Global
	GlobalSection(SolutionConfigurationPlatforms) = preSolution
		Debug|Any CPU = Debug|Any CPU
		Release|Any CPU = Release|Any CPU
	EndGlobalSection
	GlobalSection(ProjectConfigurationPlatforms) = postSolution
		{E279FD06-FC40-4023-AFD6-7AE586AF0D35}.Debug|Any CPU.ActiveCfg = Debug|Any CPU
		{E279FD06-FC40-4023-AFD6-7AE586AF0D35}.Debug|Any CPU.Build.0 = Debug|Any CPU
		{E279FD06-FC40-4023-AFD6-7AE586AF0D35}.Release|Any CPU.ActiveCfg = Release|Any CPU
		{E279FD06-FC40-4023-AFD6-7AE586AF0D35}.Release|Any CPU.Build.0 = Release|Any CPU
	EndGlobalSection
	GlobalSection(SolutionProperties) = preSolution
		HideSolutionNode = FALSE
	EndGlobalSection
	GlobalSection(ExtensibilityGlobals) = postSolution
		SolutionGuid = {909194E3-49ED-424E-846E-DC18972BEC1B}
	EndGlobalSection
EndGlobal
